
Microsoft Visual Studio Solution File, Format Version 12.00
# Visual Studio Version 16
VisualStudioVersion = 16.0.32901.82
MinimumVisualStudioVersion = 10.0.40219.1
Project("{FAE04EC0-301F-11D3-BF4B-00C04F79EFBC}") = "WindowsFormsApp1", "WindowsFormsApp1\WindowsFormsApp1.csproj", "{50400351-2900-4C5E-AAF7-9A9F9930EA31}"
EndProject
Global
	GlobalSection(SolutionConfigurationPlatforms) = preSolution
		Debug|Any CPU = Debug|Any CPU
		Release|Any CPU = Release|Any CPU
	EndGlobalSection
	GlobalSection(ProjectConfigurationPlatforms) = postSolution
		{50400351-2900-4C5E-AAF7-9A9F9930EA31}.Debug|Any CPU.ActiveCfg = Debug|Any CPU
		{50400351-2900-4C5E-AAF7-9A9F9930EA31}.Debug|Any CPU.Build.0 = Debug|Any CPU
		{50400351-2900-4C5E-AAF7-9A9F9930EA31}.Release|Any CPU.ActiveCfg = Release|Any CPU
		{50400351-2900-4C5E-AAF7-9A9F9930EA31}.Release|Any CPU.Build.0 = Release|Any CPU
	EndGlobalSection
	GlobalSection(SolutionProperties) = preSolution
		HideSolutionNode = FALSE
	EndGlobalSection
	GlobalSection(ExtensibilityGlobals) = postSolution
		SolutionGuid = {FFCE8A98-8A66-4DCA-A76E-C87613ED6074}
	EndGlobalSection
EndGlobal
